# THIS IS AN AUTOGENERATED FILE. DO NOT EDIT THIS FILE DIRECTLY.
# yarn lockfile v1


"@splidejs/splide-extension-auto-scroll@^0.4.2":
  version "0.4.2"
  resolved "https://registry.npmjs.org/@splidejs/splide-extension-auto-scroll/-/splide-extension-auto-scroll-0.4.2.tgz"
  integrity sha512-kIKRhs1Gj5a6xKEi/h/7i/G20+kJgpfzvU3nPyLrAUYdK3Q3w8kxJ4DgeMJHzlF5iachnPUe2zXdWMhZHCHYfg==

"@splidejs/splide@^4.0.7":
  version "4.0.7"
  resolved "https://registry.npmjs.org/@splidejs/splide/-/splide-4.0.7.tgz"
  integrity sha512-aJAOGJN2lwjwou3mxQofc3uhe+RXpw9in0WfysFX7AMT/mj7wSqoetfm41s7J8jU6FJ3ZWaLYgSJIpBAQ5wyqw==

dotenv@^17.3.1:
  version "17.3.1"
  resolved "https://registry.npmjs.org/dotenv/-/dotenv-17.3.1.tgz"
  integrity sha512-IO8C/dzEb6O3F9/twg6ZLXz164a2fhTnEWb95H23Dm4OuN+92NmEAlTrupP9VW6Jm3sO26tQlqyvyi4CsnY9GA==

i@^0.3.7:
  version "0.3.7"
  resolved "https://registry.npmjs.org/i/-/i-0.3.7.tgz"
  integrity sha512-FYz4wlXgkQwIPqhzC5TdNMLSE5+GS1IIDJZY/1ZiEPCT2S3COUVZeT5OW4BmW4r5LHLQuOosSwsvnroG9GR59Q==
