# THIS IS AN AUTOGENERATED FILE. DO NOT EDIT THIS FILE DIRECTLY.
# yarn lockfile v1


"@splidejs/splide-extension-auto-scroll@^0.4.2":
  version "0.4.2"
  resolved "https://registry.yarnpkg.com/@splidejs/splide-extension-auto-scroll/-/splide-extension-auto-scroll-0.4.2.tgz#a1bdf4e986789d6edd7351ecbd2f634cda74d2a6"
  integrity sha512-kIKRhs1Gj5a6xKEi/h/7i/G20+kJgpfzvU3nPyLrAUYdK3Q3w8kxJ4DgeMJHzlF5iachnPUe2zXdWMhZHCHYfg==

"@splidejs/splide@^4.0.7":
  version "4.0.7"
  resolved "https://registry.yarnpkg.com/@splidejs/splide/-/splide-4.0.7.tgz#f442b7c5fc99df472c6f989787e1fb331cf177c6"
  integrity sha512-aJAOGJN2lwjwou3mxQofc3uhe+RXpw9in0WfysFX7AMT/mj7wSqoetfm41s7J8jU6FJ3ZWaLYgSJIpBAQ5wyqw==
